<?xml version="1.0" encoding="utf-8"?>
<Project ToolsVersion="4.0" xmlns="http://schemas.microsoft.com/developer/msbuild/2003">
  <ItemGroup>
    <Filter Include="Source Files">
      <UniqueIdentifier>{4FC737F1-C7A5-4376-A066-2A32D752A2FF}</UniqueIdentifier>
      <Extensions>cpp;c;cc;cxx;c++;cppm;ixx;def;odl;idl;hpj;bat;asm;asmx</Extensions>
    </Filter>
    <Filter Include="Header Files">
      <UniqueIdentifier>{93995380-89BD-4b04-88EB-625FBE52EBFB}</UniqueIdentifier>
      <Extensions>h;hh;hpp;hxx;h++;hm;inl;inc;ipp;xsd</Extensions>
    </Filter>
    <Filter Include="Resource Files">
      <UniqueIdentifier>{67DA6AB6-F800-4c08-8B7A-83BB121AAD01}</UniqueIdentifier>
      <Extensions>rc;ico;cur;bmp;dlg;rc2;rct;bin;rgs;gif;jpg;jpeg;jpe;resx;tiff;tif;png;wav;mfcribbon-ms</Extensions>
    </Filter>
    <Filter Include="Header Files\models">
      <UniqueIdentifier>{4555b236-7386-4d30-87ed-9e5948f13ce5}</UniqueIdentifier>
    </Filter>
    <Filter Include="Header Files\modules">
      <UniqueIdentifier>{f98fceb1-90fc-4773-95c2-11f9678885ef}</UniqueIdentifier>
    </Filter>
    <Filter Include="Header Files\libs">
      <UniqueIdentifier>{bf4be8e3-36e5-46f5-bfad-65247874622e}</UniqueIdentifier>
    </Filter>
    <Filter Include="Header Files\utils">
      <UniqueIdentifier>{8f228370-3897-4e90-8bb4-9cc7fc778dc8}</UniqueIdentifier>
    </Filter>
  </ItemGroup>
  <ItemGroup>
    <ClCompile Include="main.cpp">
      <Filter>Source Files</Filter>
    </ClCompile>
  </ItemGroup>
  <ItemGroup>
    <ClInclude Include="nested_tensor.h">
      <Filter>Header Files\libs</Filter>
    </ClInclude>
    <ClInclude Include="resnet.h">
      <Filter>Header Files\models</Filter>
    </ClInclude>
    <ClInclude Include="layers.h">
      <Filter>Header Files\libs</Filter>
    </ClInclude>
    <ClInclude Include="backbone.h">
      <Filter>Header Files\models</Filter>
    </ClInclude>
    <ClInclude Include="position_encoding.h">
      <Filter>Header Files\models</Filter>
    </ClInclude>
    <ClInclude Include="hungarian_matcher.h">
      <Filter>Header Files\libs</Filter>
    </ClInclude>
    <ClInclude Include="deformable_transformer.h">
      <Filter>Header Files\models</Filter>
    </ClInclude>
    <ClInclude Include="ext.h">
      <Filter>Header Files\libs</Filter>
    </ClInclude>
    <ClInclude Include="deformable_detr.h">
      <Filter>Header Files\models</Filter>
    </ClInclude>
    <ClInclude Include="boxes.h">
      <Filter>Header Files\utils</Filter>
    </ClInclude>
    <ClInclude Include="hungarian_algorithm.h">
      <Filter>Header Files\libs</Filter>
    </ClInclude>
    <ClInclude Include="conditional_detr.h">
      <Filter>Header Files\models</Filter>
    </ClInclude>
    <ClInclude Include="conditional_transformer.h">
      <Filter>Header Files\models</Filter>
    </ClInclude>
    <ClInclude Include="attention.h">
      <Filter>Header Files\libs</Filter>
    </ClInclude>
    <ClInclude Include="intermediate_layer_getter.h">
      <Filter>Header Files\libs</Filter>
    </ClInclude>
    <ClInclude Include="lsap.h">
      <Filter>Header Files\utils</Filter>
    </ClInclude>
    <ClInclude Include="conditional_detr_net.h">
      <Filter>Header Files\modules</Filter>
    </ClInclude>
    <ClInclude Include="dataset.h">
      <Filter>Header Files\modules</Filter>
    </ClInclude>
    <ClInclude Include="custom_stack.h">
      <Filter>Header Files\utils</Filter>
    </ClInclude>
  </ItemGroup>
</Project>